
Microsoft Visual Studio Solution File, Format Version 12.00
# Visual Studio Version 16
VisualStudioVersion = 16.0.30320.27
MinimumVisualStudioVersion = 10.0.40219.1
Project("{FAE04EC0-301F-11D3-BF4B-00C04F79EFBC}") = "WpfAppFormat", "WpfAppFormat.csproj", "{D5F9ED65-E912-4D79-9334-A05C97A14D00}"
EndProject
Global
	GlobalSection(SolutionConfigurationPlatforms) = preSolution
		Debug|Any CPU = Debug|Any CPU
		Release|Any CPU = Release|Any CPU
	EndGlobalSection
	GlobalSection(ProjectConfigurationPlatforms) = postSolution
		{D5F9ED65-E912-4D79-9334-A05C97A14D00}.Debug|Any CPU.ActiveCfg = Debug|Any CPU
		{D5F9ED65-E912-4D79-9334-A05C97A14D00}.Debug|Any CPU.Build.0 = Debug|Any CPU
		{D5F9ED65-E912-4D79-9334-A05C97A14D00}.Release|Any CPU.ActiveCfg = Release|Any CPU
		{D5F9ED65-E912-4D79-9334-A05C97A14D00}.Release|Any CPU.Build.0 = Release|Any CPU
	EndGlobalSection
	GlobalSection(SolutionProperties) = preSolution
		HideSolutionNode = FALSE
	EndGlobalSection
	GlobalSection(ExtensibilityGlobals) = postSolution
		SolutionGuid = {E9571A63-D9B6-4A74-9AA4-830E5941DC81}
	EndGlobalSection
EndGlobal
